PODS:
  - GRDB.swift (5.0.2):
    - GRDB.swift/standard (= 5.0.2)
  - GRDB.swift/standard (5.0.2)
  - SnapshotTesting (1.8.2)

DEPENDENCIES:
  - GRDB.swift (~> 5)
  - SnapshotTesting (~> 1.8)

SPEC REPOS:
  trunk:
    - GRDB.swift
    - SnapshotTesting

SPEC CHECKSUMS:
  GRDB.swift: 80a9189aef4b9e0c8f52b942477dba670de055a7
  SnapshotTesting: 38947050d13960d57a4a9c166fcf51bca7d56970

PODFILE CHECKSUM: 75658c9becd30f1de2cd880d68b7583e6748c899

COCOAPODS: 1.10.0.rc.1
