PODS:
  - GRDB.swift (4.12.0):
    - GRDB.swift/standard (= 4.12.0)
  - GRDB.swift/standard (4.12.0)
  - SnapshotTesting (1.7.2)

DEPENDENCIES:
  - GRDB.swift (~> 4.1)
  - SnapshotTesting (~> 1.7)

SPEC REPOS:
  trunk:
    - GRDB.swift
    - SnapshotTesting

SPEC CHECKSUMS:
  GRDB.swift: 0a48d51f7152fbe5eb702ce978864a55def0c586
  SnapshotTesting: 8caa6661fea7c8019d5b46de77c16bab99c36c5c

PODFILE CHECKSUM: e5108a92b9c8721cc730eca670d3aff7ebfde9cb

COCOAPODS: 1.8.4
